
Microsoft Visual Studio Solution File, Format Version 11.00
# Visual Studio 2010
# SharpDevelop 4.4
Project("{BD8E9625-815A-4BDB-B228-5D4F9C2541A1}") = "fav quote", "fav quote\fav quote.rbproj", "{DA826751-3CF7-493D-9D68-5F087C027C09}"
EndProject
Global
	GlobalSection(SolutionConfigurationPlatforms) = preSolution
		Debug|Any CPU = Debug|Any CPU
		Release|Any CPU = Release|Any CPU
	EndGlobalSection
	GlobalSection(ProjectConfigurationPlatforms) = postSolution
		{DA826751-3CF7-493D-9D68-5F087C027C09}.Debug|Any CPU.Build.0 = Debug|Any CPU
		{DA826751-3CF7-493D-9D68-5F087C027C09}.Debug|Any CPU.ActiveCfg = Debug|Any CPU
		{DA826751-3CF7-493D-9D68-5F087C027C09}.Release|Any CPU.Build.0 = Release|Any CPU
		{DA826751-3CF7-493D-9D68-5F087C027C09}.Release|Any CPU.ActiveCfg = Release|Any CPU
	EndGlobalSection
EndGlobal
