
Microsoft Visual Studio Solution File, Format Version 11.00
# Visual Studio 2010
# SharpDevelop 4.2.1.8805
Project("{FD48973F-F585-4F70-812B-4D0503B36CE9}") = "Test", "Test.pyproj", "{B8C56381-CFE2-4463-944E-C3A101CDD843}"
EndProject
Global
	GlobalSection(SolutionConfigurationPlatforms) = preSolution
		Debug|x86 = Debug|x86
		Release|x86 = Release|x86
	EndGlobalSection
	GlobalSection(ProjectConfigurationPlatforms) = postSolution
		{B8C56381-CFE2-4463-944E-C3A101CDD843}.Debug|x86.Build.0 = Debug|x86
		{B8C56381-CFE2-4463-944E-C3A101CDD843}.Debug|x86.ActiveCfg = Debug|x86
		{B8C56381-CFE2-4463-944E-C3A101CDD843}.Release|x86.Build.0 = Release|x86
		{B8C56381-CFE2-4463-944E-C3A101CDD843}.Release|x86.ActiveCfg = Release|x86
	EndGlobalSection
EndGlobal
