
Microsoft Visual Studio Solution File, Format Version 11.00
# Visual Studio 2010
# SharpDevelop 4.2.1.8805
Project("{FD48973F-F585-4F70-812B-4D0503B36CE9}") = "prog152a", "prog152a.pyproj", "{C91C638E-50F5-4B00-8BBE-1471E9F15C9B}"
EndProject
Global
	GlobalSection(SolutionConfigurationPlatforms) = preSolution
		Debug|x86 = Debug|x86
		Release|x86 = Release|x86
	EndGlobalSection
	GlobalSection(ProjectConfigurationPlatforms) = postSolution
		{C91C638E-50F5-4B00-8BBE-1471E9F15C9B}.Debug|x86.Build.0 = Debug|x86
		{C91C638E-50F5-4B00-8BBE-1471E9F15C9B}.Debug|x86.ActiveCfg = Debug|x86
		{C91C638E-50F5-4B00-8BBE-1471E9F15C9B}.Release|x86.Build.0 = Release|x86
		{C91C638E-50F5-4B00-8BBE-1471E9F15C9B}.Release|x86.ActiveCfg = Release|x86
	EndGlobalSection
EndGlobal
