
Microsoft Visual Studio Solution File, Format Version 11.00
# Visual Studio 2010
# SharpDevelop 4.2.1.8805
Project("{FD48973F-F585-4F70-812B-4D0503B36CE9}") = "pg186", "pg186.pyproj", "{A4DCADE7-BBF3-4A5B-94C4-4A1C5738A2DE}"
EndProject
Global
	GlobalSection(SolutionConfigurationPlatforms) = preSolution
		Debug|x86 = Debug|x86
		Release|x86 = Release|x86
	EndGlobalSection
	GlobalSection(ProjectConfigurationPlatforms) = postSolution
		{A4DCADE7-BBF3-4A5B-94C4-4A1C5738A2DE}.Debug|x86.Build.0 = Debug|x86
		{A4DCADE7-BBF3-4A5B-94C4-4A1C5738A2DE}.Debug|x86.ActiveCfg = Debug|x86
		{A4DCADE7-BBF3-4A5B-94C4-4A1C5738A2DE}.Release|x86.Build.0 = Release|x86
		{A4DCADE7-BBF3-4A5B-94C4-4A1C5738A2DE}.Release|x86.ActiveCfg = Release|x86
	EndGlobalSection
EndGlobal
