
Microsoft Visual Studio Solution File, Format Version 11.00
# Visual Studio 2010
# SharpDevelop 4.2.1.8805
Project("{FD48973F-F585-4F70-812B-4D0503B36CE9}") = "prog122d", "prog122d.pyproj", "{89BF0C77-4BC2-470E-94E2-C8BE6953E962}"
EndProject
Global
	GlobalSection(SolutionConfigurationPlatforms) = preSolution
		Debug|x86 = Debug|x86
		Release|x86 = Release|x86
	EndGlobalSection
	GlobalSection(ProjectConfigurationPlatforms) = postSolution
		{89BF0C77-4BC2-470E-94E2-C8BE6953E962}.Debug|x86.Build.0 = Debug|x86
		{89BF0C77-4BC2-470E-94E2-C8BE6953E962}.Debug|x86.ActiveCfg = Debug|x86
		{89BF0C77-4BC2-470E-94E2-C8BE6953E962}.Release|x86.Build.0 = Release|x86
		{89BF0C77-4BC2-470E-94E2-C8BE6953E962}.Release|x86.ActiveCfg = Release|x86
	EndGlobalSection
EndGlobal
