
Microsoft Visual Studio Solution File, Format Version 11.00
# Visual Studio 2010
# SharpDevelop 4.2.1.8805
Project("{BD8E9625-815A-4BDB-B228-5D4F9C2541A1}") = "Craig", "Craig.rbproj", "{77BC01D6-6D6C-4F3C-A19D-5AE6FFE9F0E5}"
EndProject
Global
	GlobalSection(SolutionConfigurationPlatforms) = preSolution
		Debug|x86 = Debug|x86
		Release|x86 = Release|x86
	EndGlobalSection
	GlobalSection(ProjectConfigurationPlatforms) = postSolution
		{77BC01D6-6D6C-4F3C-A19D-5AE6FFE9F0E5}.Debug|x86.Build.0 = Debug|x86
		{77BC01D6-6D6C-4F3C-A19D-5AE6FFE9F0E5}.Debug|x86.ActiveCfg = Debug|x86
		{77BC01D6-6D6C-4F3C-A19D-5AE6FFE9F0E5}.Release|x86.Build.0 = Release|x86
		{77BC01D6-6D6C-4F3C-A19D-5AE6FFE9F0E5}.Release|x86.ActiveCfg = Release|x86
	EndGlobalSection
EndGlobal
